
Microsoft Visual Studio Solution File, Format Version 12.00
# Visual Studio Version 17
VisualStudioVersion = 17.9.34728.123
MinimumVisualStudioVersion = 10.0.40219.1
Project("{FAE04EC0-301F-11D3-BF4B-00C04F79EFBC}") = "RemoteSaveAdaptor", "RemoteSaveAdaptor\RemoteSaveAdaptor.csproj", "{195AC7C8-3117-493B-8DA1-CA6F5764AB65}"
EndProject
Global
	GlobalSection(SolutionConfigurationPlatforms) = preSolution
		Debug|Any CPU = Debug|Any CPU
		Release|Any CPU = Release|Any CPU
	EndGlobalSection
	GlobalSection(ProjectConfigurationPlatforms) = postSolution
		{195AC7C8-3117-493B-8DA1-CA6F5764AB65}.Debug|Any CPU.ActiveCfg = Debug|Any CPU
		{195AC7C8-3117-493B-8DA1-CA6F5764AB65}.Debug|Any CPU.Build.0 = Debug|Any CPU
		{195AC7C8-3117-493B-8DA1-CA6F5764AB65}.Release|Any CPU.ActiveCfg = Release|Any CPU
		{195AC7C8-3117-493B-8DA1-CA6F5764AB65}.Release|Any CPU.Build.0 = Release|Any CPU
	EndGlobalSection
	GlobalSection(SolutionProperties) = preSolution
		HideSolutionNode = FALSE
	EndGlobalSection
	GlobalSection(ExtensibilityGlobals) = postSolution
		SolutionGuid = {6C46EAAC-6A39-444D-B3CB-DC9AFD316546}
	EndGlobalSection
EndGlobal
