
Microsoft Visual Studio Solution File, Format Version 12.00
# Visual Studio Version 17
VisualStudioVersion = 17.9.34728.123
MinimumVisualStudioVersion = 10.0.40219.1
Project("{FAE04EC0-301F-11D3-BF4B-00C04F79EFBC}") = "WebApiAdaptor", "WebApiAdaptor\WebApiAdaptor.csproj", "{76B363AB-5F71-4B5B-A1C9-477B6AB913FA}"
EndProject
Global
	GlobalSection(SolutionConfigurationPlatforms) = preSolution
		Debug|Any CPU = Debug|Any CPU
		Release|Any CPU = Release|Any CPU
	EndGlobalSection
	GlobalSection(ProjectConfigurationPlatforms) = postSolution
		{76B363AB-5F71-4B5B-A1C9-477B6AB913FA}.Debug|Any CPU.ActiveCfg = Debug|Any CPU
		{76B363AB-5F71-4B5B-A1C9-477B6AB913FA}.Debug|Any CPU.Build.0 = Debug|Any CPU
		{76B363AB-5F71-4B5B-A1C9-477B6AB913FA}.Release|Any CPU.ActiveCfg = Release|Any CPU
		{76B363AB-5F71-4B5B-A1C9-477B6AB913FA}.Release|Any CPU.Build.0 = Release|Any CPU
	EndGlobalSection
	GlobalSection(SolutionProperties) = preSolution
		HideSolutionNode = FALSE
	EndGlobalSection
	GlobalSection(ExtensibilityGlobals) = postSolution
		SolutionGuid = {1A7373EE-4A6A-4273-8CDD-EB6F2E441079}
	EndGlobalSection
EndGlobal
